{
  "originHash" : "1dce106b17e94d8ed3d068265496ee0501ef37d30de2865e5367e2b66147d7fb",
  "pins" : [
    {
      "identity" : "plcrashreporter",
      "kind" : "remoteSourceControl",
      "location" : "https://github.com/microsoft/plcrashreporter.git",
      "state" : {
        "revision" : "0254f941c646b1ed17b243654723d0f071e990d0",
        "version" : "1.12.2"
      }
    },
    {
      "identity" : "posthog-ios",
      "kind" : "remoteSourceControl",
      "location" : "https://github.com/PostHog/posthog-ios.git",
      "state" : {
        "revision" : "573b68562fb03438b1f535d3326b00a731233f4f",
        "version" : "3.48.0"
      }
    },
    {
      "identity" : "purchases-ios",
      "kind" : "remoteSourceControl",
      "location" : "https://github.com/RevenueCat/purchases-ios.git",
      "state" : {
        "revision" : "abb0d68c3e7ba97b16ab51c38fcaca16b0e358c8",
        "version" : "5.66.0"
      }
    }
  ],
  "version" : 3
}
